// !$*UTF8*$!
{
	archiveVersion = 1;
	classes = {
	};
	objectVersion = 50;
	objects = {

/* Begin PBXBuildFile section */
		CF2987CD20A4C19600426118 /* AppDelegate.swift in Sources */ = {isa = PBXBuildFile; fileRef = CF2987CC20A4C19600426118 /* AppDelegate.swift */; };
		CF2987CF20A4C19600426118 /* ViewController.swift in Sources */ = {isa = PBXBuildFile; fileRef = CF2987CE20A4C19600426118 /* ViewController.swift */; };
		CF2987D220A4C19600426118 /* Main.storyboard in Resources */ = {isa = PBXBuildFile; fileRef = CF2987D020A4C19600426118 /* Main.storyboard */; };
		CF2987D420A4C19900426118 /* Assets.xcassets in Resources */ = {isa = PBXBuildFile; fileRef = CF2987D320A4C19900426118 /* Assets.xcassets */; };
		CF2987D720A4C19900426118 /* LaunchScreen.storyboard in Resources */ = {isa = PBXBuildFile; fileRef = CF2987D520A4C19900426118 /* LaunchScreen.storyboard */; };
		CF2987DF20A4C9C200426118 /* ExpandibleViewController.swift in Sources */ = {isa = PBXBuildFile; fileRef = CF2987DE20A4C9C200426118 /* ExpandibleViewController.swift */; };
/* End PBXBuildFile section */

/* Begin PBXFileReference section */
		CF2987C920A4C19600426118 /* SectionCeldaCollapsable.app */ = {isa = PBXFileReference; explicitFileType = wrapper.application; includeInIndex = 0; path = SectionCeldaCollapsable.app; sourceTree = BUILT_PRODUCTS_DIR; };
		CF2987CC20A4C19600426118 /* AppDelegate.swift */ = {isa = PBXFileReference; lastKnownFileType = sourcecode.swift; path = AppDelegate.swift; sourceTree = "<group>"; };
		CF2987CE20A4C19600426118 /* ViewController.swift */ = {isa = PBXFileReference; lastKnownFileType = sourcecode.swift; path = ViewController.swift; sourceTree = "<group>"; };
		CF2987D120A4C19600426118 /* Base */ = {isa = PBXFileReference; lastKnownFileType = file.storyboard; name = Base; path = Base.lproj/Main.storyboard; sourceTree = "<group>"; };
		CF2987D320A4C19900426118 /* Assets.xcassets */ = {isa = PBXFileReference; lastKnownFileType = folder.assetcatalog; path = Assets.xcassets; sourceTree = "<group>"; };
		CF2987D620A4C19900426118 /* Base */ = {isa = PBXFileReference; lastKnownFileType = file.storyboard; name = Base; path = Base.lproj/LaunchScreen.storyboard; sourceTree = "<group>"; };
		CF2987D820A4C19900426118 /* Info.plist */ = {isa = PBXFileReference; lastKnownFileType = text.plist.xml; path = Info.plist; sourceTree = "<group>"; };
		CF2987DE20A4C9C200426118 /* ExpandibleViewController.swift */ = {isa = PBXFileReference; lastKnownFileType = sourcecode.swift; path = ExpandibleViewController.swift; sourceTree = "<group>"; };
/* End PBXFileReference section */

/* Begin PBXFrameworksBuildPhase section */
		CF2987C620A4C19600426118 /* Frameworks */ = {
			isa = PBXFrameworksBuildPhase;
			buildActionMask = 2147483647;
			files = (
			);
			runOnlyForDeploymentPostprocessing = 0;
		};
/* End PBXFrameworksBuildPhase section */

/* Begin PBXGroup section */
		CF2987C020A4C19600426118 = {
			isa = PBXGroup;
			children = (
				CF2987CB20A4C19600426118 /* SectionCeldaCollapsable */,
				CF2987CA20A4C19600426118 /* Products */,
			);
			sourceTree = "<group>";
		};
		CF2987CA20A4C19600426118 /* Products */ = {
			isa = PBXGroup;
			children = (
				CF2987C920A4C19600426118 /* SectionCeldaCollapsable.app */,
			);
			name = Products;
			sourceTree = "<group>";
		};
		CF2987CB20A4C19600426118 /* SectionCeldaCollapsable */ = {
			isa = PBXGroup;
			children = (
				CF2987CC20A4C19600426118 /* AppDelegate.swift */,
				CF2987CE20A4C19600426118 /* ViewController.swift */,
				CF2987DE20A4C9C200426118 /* ExpandibleViewController.swift */,
				CF2987D020A4C19600426118 /* Main.storyboard */,
				CF2987D320A4C19900426118 /* Assets.xcassets */,
				CF2987D520A4C19900426118 /* LaunchScreen.storyboard */,
				CF2987D820A4C19900426118 /* Info.plist */,
			);
			path = SectionCeldaCollapsable;
			sourceTree = "<group>";
		};
/* End PBXGroup section */

/* Begin PBXNativeTarget section */
		CF2987C820A4C19600426118 /* SectionCeldaCollapsable */ = {
			isa = PBXNativeTarget;
			buildConfigurationList = CF2987DB20A4C19900426118 /* Build configuration list for PBXNativeTarget "SectionCeldaCollapsable" */;
			buildPhases = (
				CF2987C520A4C19600426118 /* Sources */,
				CF2987C620A4C19600426118 /* Frameworks */,
				CF2987C720A4C19600426118 /* Resources */,
			);
			buildRules = (
			);
			dependencies = (
			);
			name = SectionCeldaCollapsable;
			productName = SectionCeldaCollapsable;
			productReference = CF2987C920A4C19600426118 /* SectionCeldaCollapsable.app */;
			productType = "com.apple.product-type.application";
		};
/* End PBXNativeTarget section */

/* Begin PBXProject section */
		CF2987C120A4C19600426118 /* Project object */ = {
			isa = PBXProject;
			attributes = {
				LastSwiftUpdateCheck = 0930;
				LastUpgradeCheck = 0930;
				ORGANIZATIONNAME = codelapp;
				TargetAttributes = {
					CF2987C820A4C19600426118 = {
						CreatedOnToolsVersion = 9.3;
					};
				};
			};
			buildConfigurationList = CF2987C420A4C19600426118 /* Build configuration list for PBXProject "SectionCeldaCollapsable" */;
			compatibilityVersion = "Xcode 9.3";
			developmentRegion = en;
			hasScannedForEncodings = 0;
			knownRegions = (
				en,
				Base,
			);
			mainGroup = CF2987C020A4C19600426118;
			productRefGroup = CF2987CA20A4C19600426118 /* Products */;
			projectDirPath = "";
			projectRoot = "";
			targets = (
				CF2987C820A4C19600426118 /* SectionCeldaCollapsable */,
			);
		};
/* End PBXProject section */

/* Begin PBXResourcesBuildPhase section */
		CF2987C720A4C19600426118 /* Resources */ = {
			isa = PBXResourcesBuildPhase;
			buildActionMask = 2147483647;
			files = (
				CF2987D720A4C19900426118 /* LaunchScreen.storyboard in Resources */,
				CF2987D420A4C19900426118 /* Assets.xcassets in Resources */,
				CF2987D220A4C19600426118 /* Main.storyboard in Resources */,
			);
			runOnlyForDeploymentPostprocessing = 0;
		};
/* End PBXResourcesBuildPhase section */

/* Begin PBXSourcesBuildPhase section */
		CF2987C520A4C19600426118 /* Sources */ = {
			isa = PBXSourcesBuildPhase;
			buildActionMask = 2147483647;
			files = (
				CF2987DF20A4C9C200426118 /* ExpandibleViewController.swift in Sources */,
				CF2987CF20A4C19600426118 /* ViewController.swift in Sources */,
				CF2987CD20A4C19600426118 /* AppDelegate.swift in Sources */,
			);
			runOnlyForDeploymentPostprocessing = 0;
		};
/* End PBXSourcesBuildPhase section */

/* Begin PBXVariantGroup section */
		CF2987D020A4C19600426118 /* Main.storyboard */ = {
			isa = PBXVariantGroup;
			children = (
				CF2987D120A4C19600426118 /* Base */,
			);
			name = Main.storyboard;
			sourceTree = "<group>";
		};
		CF2987D520A4C19900426118 /* LaunchScreen.storyboard */ = {
			isa = PBXVariantGroup;
			children = (
				CF2987D620A4C19900426118 /* Base */,
			);
			name = LaunchScreen.storyboard;
			sourceTree = "<group>";
		};
/* End PBXVariantGroup section */

/* Begin XCBuildConfiguration section */
		CF2987D920A4C19900426118 /* Debug */ = {
			isa = XCBuildConfiguration;
			buildSettings = {
				ALWAYS_SEARCH_USER_PATHS = NO;
				CLANG_ANALYZER_NONNULL = YES;
				CLANG_ANALYZER_NUMBER_OBJECT_CONVERSION = YES_AGGRESSIVE;
				CLANG_CXX_LANGUAGE_STANDARD = "gnu++14";
				CLANG_CXX_LIBRARY = "libc++";
				CLANG_ENABLE_MODULES = YES;
				CLANG_ENABLE_OBJC_ARC = YES;
				CLANG_ENABLE_OBJC_WEAK = YES;
				CLANG_WARN_BLOCK_CAPTURE_AUTORELEASING = YES;
				CLANG_WARN_BOOL_CONVERSION = YES;
				CLANG_WARN_COMMA = YES;
				CLANG_WARN_CONSTANT_CONVERSION = YES;
				CLANG_WARN_DEPRECATED_OBJC_IMPLEMENTATIONS = YES;
				CLANG_WARN_DIRECT_OBJC_ISA_USAGE = YES_ERROR;
				CLANG_WARN_DOCUMENTATION_COMMENTS = YES;
				CLANG_WARN_EMPTY_BODY = YES;
				CLANG_WARN_ENUM_CONVERSION = YES;
				CLANG_WARN_INFINITE_RECURSION = YES;
				CLANG_WARN_INT_CONVERSION = YES;
				CLANG_WARN_NON_LITERAL_NULL_CONVERSION = YES;
				CLANG_WARN_OBJC_IMPLICIT_RETAIN_SELF = YES;
				CLANG_WARN_OBJC_LITERAL_CONVERSION = YES;
				CLANG_WARN_OBJC_ROOT_CLASS = YES_ERROR;
				CLANG_WARN_RANGE_LOOP_ANALYSIS = YES;
				CLANG_WARN_STRICT_PROTOTYPES = YES;
				CLANG_WARN_SUSPICIOUS_MOVE = YES;
				CLANG_WARN_UNGUARDED_AVAILABILITY = YES_AGGRESSIVE;
				CLANG_WARN_UNREACHABLE_CODE = YES;
				CLANG_WARN__DUPLICATE_METHOD_MATCH = YES;
				CODE_SIGN_IDENTITY = "iPhone Developer";
				COPY_PHASE_STRIP = NO;
				DEBUG_INFORMATION_FORMAT = dwarf;
				ENABLE_STRICT_OBJC_MSGSEND = YES;
				ENABLE_TESTABILITY = YES;
				GCC_C_LANGUAGE_STANDARD = gnu11;
				GCC_DYNAMIC_NO_PIC = NO;
				GCC_NO_COMMON_BLOCKS = YES;
				GCC_OPTIMIZATION_LEVEL = 0;
				GCC_PREPROCESSOR_DEFINITIONS = (
					"DEBUG=1",
					"$(inherited)",
				);
				GCC_WARN_64_TO_32_BIT_CONVERSION = YES;
				GCC_WARN_ABOUT_RETURN_TYPE = YES_ERROR;
				GCC_WARN_UNDECLARED_SELECTOR = YES;
				GCC_WARN_UNINITIALIZED_AUTOS = YES_AGGRESSIVE;
				GCC_WARN_UNUSED_FUNCTION = YES;
				GCC_WARN_UNUSED_VARIABLE = YES;
				IPHONEOS_DEPLOYMENT_TARGET = 11.3;
				MTL_ENABLE_DEBUG_INFO = YES;
				ONLY_ACTIVE_ARCH = YES;
				SDKROOT = iphoneos;
				SWIFT_ACTIVE_COMPILATION_CONDITIONS = DEBUG;
				SWIFT_OPTIMIZATION_LEVEL = "-Onone";
			};
			name = Debug;
		};
		CF2987DA20A4C19900426118 /* Release */ = {
			isa = XCBuildConfiguration;
			buildSettings = {
				ALWAYS_SEARCH_USER_PATHS = NO;
				CLANG_ANALYZER_NONNULL = YES;
				CLANG_ANALYZER_NUMBER_OBJECT_CONVERSION = YES_AGGRESSIVE;
				CLANG_CXX_LANGUAGE_STANDARD = "gnu++14";
				CLANG_CXX_LIBRARY = "libc++";
				CLANG_ENABLE_MODULES = YES;
				CLANG_ENABLE_OBJC_ARC = YES;
				CLANG_ENABLE_OBJC_WEAK = YES;
				CLANG_WARN_BLOCK_CAPTURE_AUTORELEASING = YES;
				CLANG_WARN_BOOL_CONVERSION = YES;
				CLANG_WARN_COMMA = YES;
				CLANG_WARN_CONSTANT_CONVERSION = YES;
				CLANG_WARN_DEPRECATED_OBJC_IMPLEMENTATIONS = YES;
				CLANG_WARN_DIRECT_OBJC_ISA_USAGE = YES_ERROR;
				CLANG_WARN_DOCUMENTATION_COMMENTS = YES;
				CLANG_WARN_EMPTY_BODY = YES;
				CLANG_WARN_ENUM_CONVERSION = YES;
				CLANG_WARN_INFINITE_RECURSION = YES;
				CLANG_WARN_INT_CONVERSION = YES;
				CLANG_WARN_NON_LITERAL_NULL_CONVERSION = YES;
				CLANG_WARN_OBJC_IMPLICIT_RETAIN_SELF = YES;
				CLANG_WARN_OBJC_LITERAL_CONVERSION = YES;
				CLANG_WARN_OBJC_ROOT_CLASS = YES_ERROR;
				CLANG_WARN_RANGE_LOOP_ANALYSIS = YES;
				CLANG_WARN_STRICT_PROTOTYPES = YES;
				CLANG_WARN_SUSPICIOUS_MOVE = YES;
				CLANG_WARN_UNGUARDED_AVAILABILITY = YES_AGGRESSIVE;
				CLANG_WARN_UNREACHABLE_CODE = YES;
				CLANG_WARN__DUPLICATE_METHOD_MATCH = YES;
				CODE_SIGN_IDENTITY = "iPhone Developer";
				COPY_PHASE_STRIP = NO;
				DEBUG_INFORMATION_FORMAT = "dwarf-with-dsym";
				ENABLE_NS_ASSERTIONS = NO;
				ENABLE_STRICT_OBJC_MSGSEND = YES;
				GCC_C_LANGUAGE_STANDARD = gnu11;
				GCC_NO_COMMON_BLOCKS = YES;
				GCC_WARN_64_TO_32_BIT_CONVERSION = YES;
				GCC_WARN_ABOUT_RETURN_TYPE = YES_ERROR;
				GCC_WARN_UNDECLARED_SELECTOR = YES;
				GCC_WARN_UNINITIALIZED_AUTOS = YES_AGGRESSIVE;
				GCC_WARN_UNUSED_FUNCTION = YES;
				GCC_WARN_UNUSED_VARIABLE = YES;
				IPHONEOS_DEPLOYMENT_TARGET = 11.3;
				MTL_ENABLE_DEBUG_INFO = NO;
				SDKROOT = iphoneos;
				SWIFT_COMPILATION_MODE = wholemodule;
				SWIFT_OPTIMIZATION_LEVEL = "-O";
				VALIDATE_PRODUCT = YES;
			};
			name = Release;
		};
		CF2987DC20A4C19900426118 /* Debug */ = {
			isa = XCBuildConfiguration;
			buildSettings = {
				ASSETCATALOG_COMPILER_APPICON_NAME = AppIcon;
				CODE_SIGN_STYLE = Automatic;
				DEVELOPMENT_TEAM = WQWRXX9PHB;
				INFOPLIST_FILE = SectionCeldaCollapsable/Info.plist;
				LD_RUNPATH_SEARCH_PATHS = (
					"$(inherited)",
					"@executable_path/Frameworks",
				);
				PRODUCT_BUNDLE_IDENTIFIER = com.codelapp;
				PRODUCT_NAME = "$(TARGET_NAME)";
				SWIFT_VERSION = 4.0;
				TARGETED_DEVICE_FAMILY = "1,2";
			};
			name = Debug;
		};
		CF2987DD20A4C19900426118 /* Release */ = {
			isa = XCBuildConfiguration;
			buildSettings = {
				ASSETCATALOG_COMPILER_APPICON_NAME = AppIcon;
				CODE_SIGN_STYLE = Automatic;
				DEVELOPMENT_TEAM = WQWRXX9PHB;
				INFOPLIST_FILE = SectionCeldaCollapsable/Info.plist;
				LD_RUNPATH_SEARCH_PATHS = (
					"$(inherited)",
					"@executable_path/Frameworks",
				);
				PRODUCT_BUNDLE_IDENTIFIER = com.codelapp;
				PRODUCT_NAME = "$(TARGET_NAME)";
				SWIFT_VERSION = 4.0;
				TARGETED_DEVICE_FAMILY = "1,2";
			};
			name = Release;
		};
/* End XCBuildConfiguration section */

/* Begin XCConfigurationList section */
		CF2987C420A4C19600426118 /* Build configuration list for PBXProject "SectionCeldaCollapsable" */ = {
			isa = XCConfigurationList;
			buildConfigurations = (
				CF2987D920A4C19900426118 /* Debug */,
				CF2987DA20A4C19900426118 /* Release */,
			);
			defaultConfigurationIsVisible = 0;
			defaultConfigurationName = Release;
		};
		CF2987DB20A4C19900426118 /* Build configuration list for PBXNativeTarget "SectionCeldaCollapsable" */ = {
			isa = XCConfigurationList;
			buildConfigurations = (
				CF2987DC20A4C19900426118 /* Debug */,
				CF2987DD20A4C19900426118 /* Release */,
			);
			defaultConfigurationIsVisible = 0;
			defaultConfigurationName = Release;
		};
/* End XCConfigurationList section */
	};
	rootObject = CF2987C120A4C19600426118 /* Project object */;
}
